
Microsoft Visual Studio Solution File, Format Version 12.00
# Visual Studio 15
VisualStudioVersion = 15.0.26730.10
MinimumVisualStudioVersion = 10.0.40219.1
Project("{FAE04EC0-301F-11D3-BF4B-00C04F79EFBC}") = "ConsoleApp1", "ConsoleApp1\ConsoleApp1.csproj", "{85387CD2-C00E-4535-A10A-22C5641356DE}"
EndProject
Global
	GlobalSection(SolutionConfigurationPlatforms) = preSolution
		Debug|Any CPU = Debug|Any CPU
		Release|Any CPU = Release|Any CPU
	EndGlobalSection
	GlobalSection(ProjectConfigurationPlatforms) = postSolution
		{85387CD2-C00E-4535-A10A-22C5641356DE}.Debug|Any CPU.ActiveCfg = Debug|Any CPU
		{85387CD2-C00E-4535-A10A-22C5641356DE}.Debug|Any CPU.Build.0 = Debug|Any CPU
		{85387CD2-C00E-4535-A10A-22C5641356DE}.Release|Any CPU.ActiveCfg = Release|Any CPU
		{85387CD2-C00E-4535-A10A-22C5641356DE}.Release|Any CPU.Build.0 = Release|Any CPU
	EndGlobalSection
	GlobalSection(SolutionProperties) = preSolution
		HideSolutionNode = FALSE
	EndGlobalSection
	GlobalSection(ExtensibilityGlobals) = postSolution
		SolutionGuid = {260A5281-C2D7-4C1F-98D5-2D6F5E028DA0}
	EndGlobalSection
EndGlobal
